
Microsoft Visual Studio Solution File, Format Version 12.00
# Visual Studio Version 16
VisualStudioVersion = 16.0.30114.105
MinimumVisualStudioVersion = 10.0.40219.1
Project("{FAE04EC0-301F-11D3-BF4B-00C04F79EFBC}") = "SanclerAPI", "SanclerAPI\SanclerAPI.csproj", "{9050D9D1-629D-4AAB-B7B6-306242E5B52B}"
EndProject
Project("{FAE04EC0-301F-11D3-BF4B-00C04F79EFBC}") = "SanclerApiTeste", "SanclerApiTeste\SanclerApiTeste.csproj", "{0517C6F4-4098-4E2A-9CD6-E550E1374772}"
EndProject
Global
	GlobalSection(SolutionConfigurationPlatforms) = preSolution
		Debug|Any CPU = Debug|Any CPU
		Debug|x64 = Debug|x64
		Debug|x86 = Debug|x86
		Release|Any CPU = Release|Any CPU
		Release|x64 = Release|x64
		Release|x86 = Release|x86
	EndGlobalSection
	GlobalSection(SolutionProperties) = preSolution
		HideSolutionNode = FALSE
	EndGlobalSection
	GlobalSection(ProjectConfigurationPlatforms) = postSolution
		{9050D9D1-629D-4AAB-B7B6-306242E5B52B}.Debug|Any CPU.ActiveCfg = Debug|Any CPU
		{9050D9D1-629D-4AAB-B7B6-306242E5B52B}.Debug|Any CPU.Build.0 = Debug|Any CPU
		{9050D9D1-629D-4AAB-B7B6-306242E5B52B}.Debug|x64.ActiveCfg = Debug|Any CPU
		{9050D9D1-629D-4AAB-B7B6-306242E5B52B}.Debug|x64.Build.0 = Debug|Any CPU
		{9050D9D1-629D-4AAB-B7B6-306242E5B52B}.Debug|x86.ActiveCfg = Debug|Any CPU
		{9050D9D1-629D-4AAB-B7B6-306242E5B52B}.Debug|x86.Build.0 = Debug|Any CPU
		{9050D9D1-629D-4AAB-B7B6-306242E5B52B}.Release|Any CPU.ActiveCfg = Release|Any CPU
		{9050D9D1-629D-4AAB-B7B6-306242E5B52B}.Release|Any CPU.Build.0 = Release|Any CPU
		{9050D9D1-629D-4AAB-B7B6-306242E5B52B}.Release|x64.ActiveCfg = Release|Any CPU
		{9050D9D1-629D-4AAB-B7B6-306242E5B52B}.Release|x64.Build.0 = Release|Any CPU
		{9050D9D1-629D-4AAB-B7B6-306242E5B52B}.Release|x86.ActiveCfg = Release|Any CPU
		{9050D9D1-629D-4AAB-B7B6-306242E5B52B}.Release|x86.Build.0 = Release|Any CPU
		{0517C6F4-4098-4E2A-9CD6-E550E1374772}.Debug|Any CPU.ActiveCfg = Debug|Any CPU
		{0517C6F4-4098-4E2A-9CD6-E550E1374772}.Debug|Any CPU.Build.0 = Debug|Any CPU
		{0517C6F4-4098-4E2A-9CD6-E550E1374772}.Debug|x64.ActiveCfg = Debug|Any CPU
		{0517C6F4-4098-4E2A-9CD6-E550E1374772}.Debug|x64.Build.0 = Debug|Any CPU
		{0517C6F4-4098-4E2A-9CD6-E550E1374772}.Debug|x86.ActiveCfg = Debug|Any CPU
		{0517C6F4-4098-4E2A-9CD6-E550E1374772}.Debug|x86.Build.0 = Debug|Any CPU
		{0517C6F4-4098-4E2A-9CD6-E550E1374772}.Release|Any CPU.ActiveCfg = Release|Any CPU
		{0517C6F4-4098-4E2A-9CD6-E550E1374772}.Release|Any CPU.Build.0 = Release|Any CPU
		{0517C6F4-4098-4E2A-9CD6-E550E1374772}.Release|x64.ActiveCfg = Release|Any CPU
		{0517C6F4-4098-4E2A-9CD6-E550E1374772}.Release|x64.Build.0 = Release|Any CPU
		{0517C6F4-4098-4E2A-9CD6-E550E1374772}.Release|x86.ActiveCfg = Release|Any CPU
		{0517C6F4-4098-4E2A-9CD6-E550E1374772}.Release|x86.Build.0 = Release|Any CPU
	EndGlobalSection
EndGlobal
